
Microsoft Visual Studio Solution File, Format Version 12.00
# Visual Studio Version 16
VisualStudioVersion = 16.0.31515.178
MinimumVisualStudioVersion = 10.0.40219.1
Project("{FAE04EC0-301F-11D3-BF4B-00C04F79EFBC}") = "WinTitleBitmaps", "WinTitleBitmaps.csproj", "{CD6301A2-6D8A-4C1C-856F-3BB33BF9ABBA}"
EndProject
Project("{FAE04EC0-301F-11D3-BF4B-00C04F79EFBC}") = "Demo", "Demo\Demo.csproj", "{0592BE64-D7EC-4140-8E60-2E2EF2438972}"
EndProject
Global
	GlobalSection(SolutionConfigurationPlatforms) = preSolution
		Debug|Any CPU = Debug|Any CPU
		Release|Any CPU = Release|Any CPU
	EndGlobalSection
	GlobalSection(ProjectConfigurationPlatforms) = postSolution
		{CD6301A2-6D8A-4C1C-856F-3BB33BF9ABBA}.Debug|Any CPU.ActiveCfg = Debug|Any CPU
		{CD6301A2-6D8A-4C1C-856F-3BB33BF9ABBA}.Debug|Any CPU.Build.0 = Debug|Any CPU
		{CD6301A2-6D8A-4C1C-856F-3BB33BF9ABBA}.Release|Any CPU.ActiveCfg = Release|Any CPU
		{CD6301A2-6D8A-4C1C-856F-3BB33BF9ABBA}.Release|Any CPU.Build.0 = Release|Any CPU
		{0592BE64-D7EC-4140-8E60-2E2EF2438972}.Debug|Any CPU.ActiveCfg = Debug|Any CPU
		{0592BE64-D7EC-4140-8E60-2E2EF2438972}.Debug|Any CPU.Build.0 = Debug|Any CPU
		{0592BE64-D7EC-4140-8E60-2E2EF2438972}.Release|Any CPU.ActiveCfg = Release|Any CPU
		{0592BE64-D7EC-4140-8E60-2E2EF2438972}.Release|Any CPU.Build.0 = Release|Any CPU
	EndGlobalSection
	GlobalSection(SolutionProperties) = preSolution
		HideSolutionNode = FALSE
	EndGlobalSection
	GlobalSection(ExtensibilityGlobals) = postSolution
		SolutionGuid = {852EE724-4CD8-4072-97EE-782C8DB648BB}
	EndGlobalSection
EndGlobal
